
Microsoft Visual Studio Solution File, Format Version 12.00
# Visual Studio Version 16
VisualStudioVersion = 16.0.31410.357
MinimumVisualStudioVersion = 10.0.40219.1
Project("{9A19103F-16F7-4668-BE54-9A1E7A4F7556}") = "PhotoAlbum", "PhotoAlbum.csproj", "{9609214E-4537-4BEF-8310-C9F3D52997BE}"
EndProject
Project("{FAE04EC0-301F-11D3-BF4B-00C04F79EFBC}") = "PhotoAlbumTest", "..\PhotoAlbumTest\PhotoAlbumTest.csproj", "{9F2DA9D1-2950-4129-9FC7-71023A6C5F1F}"
EndProject
Global
	GlobalSection(SolutionConfigurationPlatforms) = preSolution
		Debug|Any CPU = Debug|Any CPU
		Release|Any CPU = Release|Any CPU
	EndGlobalSection
	GlobalSection(ProjectConfigurationPlatforms) = postSolution
		{9609214E-4537-4BEF-8310-C9F3D52997BE}.Debug|Any CPU.ActiveCfg = Debug|Any CPU
		{9609214E-4537-4BEF-8310-C9F3D52997BE}.Debug|Any CPU.Build.0 = Debug|Any CPU
		{9609214E-4537-4BEF-8310-C9F3D52997BE}.Release|Any CPU.ActiveCfg = Release|Any CPU
		{9609214E-4537-4BEF-8310-C9F3D52997BE}.Release|Any CPU.Build.0 = Release|Any CPU
		{9F2DA9D1-2950-4129-9FC7-71023A6C5F1F}.Debug|Any CPU.ActiveCfg = Debug|Any CPU
		{9F2DA9D1-2950-4129-9FC7-71023A6C5F1F}.Debug|Any CPU.Build.0 = Debug|Any CPU
		{9F2DA9D1-2950-4129-9FC7-71023A6C5F1F}.Release|Any CPU.ActiveCfg = Release|Any CPU
		{9F2DA9D1-2950-4129-9FC7-71023A6C5F1F}.Release|Any CPU.Build.0 = Release|Any CPU
	EndGlobalSection
	GlobalSection(SolutionProperties) = preSolution
		HideSolutionNode = FALSE
	EndGlobalSection
	GlobalSection(ExtensibilityGlobals) = postSolution
		SolutionGuid = {4DB57CFA-74FB-4831-8305-09D891472DE2}
	EndGlobalSection
EndGlobal
